
Microsoft Visual Studio Solution File, Format Version 12.00
# Visual Studio Version 16
VisualStudioVersion = 16.0.808.3
MinimumVisualStudioVersion = 10.0.40219.1
Project("{FAE04EC0-301F-11D3-BF4B-00C04F79EFBC}") = "TDSCore", "TDSCore.csproj", "{35211096-F7DA-310B-6806-DA6E884153B4}"
EndProject
Global
	GlobalSection(SolutionConfigurationPlatforms) = preSolution
		Debug|Any CPU = Debug|Any CPU
		Release|Any CPU = Release|Any CPU
	EndGlobalSection
	GlobalSection(ProjectConfigurationPlatforms) = postSolution
		{35211096-F7DA-310B-6806-DA6E884153B4}.Debug|Any CPU.ActiveCfg = Debug|Any CPU
		{35211096-F7DA-310B-6806-DA6E884153B4}.Debug|Any CPU.Build.0 = Debug|Any CPU
		{35211096-F7DA-310B-6806-DA6E884153B4}.Release|Any CPU.ActiveCfg = Release|Any CPU
		{35211096-F7DA-310B-6806-DA6E884153B4}.Release|Any CPU.Build.0 = Release|Any CPU
	EndGlobalSection
	GlobalSection(SolutionProperties) = preSolution
		HideSolutionNode = FALSE
	EndGlobalSection
	GlobalSection(ExtensibilityGlobals) = postSolution
		SolutionGuid = {6AA6AD8A-7BF7-424E-A8E0-B8869EDB9D96}
	EndGlobalSection
EndGlobal
